
Microsoft Visual Studio Solution File, Format Version 12.00
# Visual Studio Version 16
VisualStudioVersion = 16.0.31424.327
MinimumVisualStudioVersion = 10.0.40219.1
Project("{9A19103F-16F7-4668-BE54-9A1E7A4F7556}") = "Client", "Client\Client.csproj", "{5D3175D7-08FA-4559-B69A-5A9A112BC751}"
EndProject
Project("{9A19103F-16F7-4668-BE54-9A1E7A4F7556}") = "Service", "Service\Service.csproj", "{5431B2A0-303C-479C-BACA-F658989B75E5}"
EndProject
Project("{9A19103F-16F7-4668-BE54-9A1E7A4F7556}") = "TestCalculator", "TestCalculator\TestCalculator.csproj", "{7D04DF37-703D-419F-B13F-E524590D134B}"
EndProject
Project("{9A19103F-16F7-4668-BE54-9A1E7A4F7556}") = "Presentation", "Presentation\Presentation.csproj", "{67F8CE68-A8BF-492A-9DAD-25556F295AB0}"
EndProject
Global
	GlobalSection(SolutionConfigurationPlatforms) = preSolution
		Debug|Any CPU = Debug|Any CPU
		Release|Any CPU = Release|Any CPU
	EndGlobalSection
	GlobalSection(ProjectConfigurationPlatforms) = postSolution
		{5D3175D7-08FA-4559-B69A-5A9A112BC751}.Debug|Any CPU.ActiveCfg = Debug|Any CPU
		{5D3175D7-08FA-4559-B69A-5A9A112BC751}.Debug|Any CPU.Build.0 = Debug|Any CPU
		{5D3175D7-08FA-4559-B69A-5A9A112BC751}.Release|Any CPU.ActiveCfg = Release|Any CPU
		{5D3175D7-08FA-4559-B69A-5A9A112BC751}.Release|Any CPU.Build.0 = Release|Any CPU
		{5431B2A0-303C-479C-BACA-F658989B75E5}.Debug|Any CPU.ActiveCfg = Debug|Any CPU
		{5431B2A0-303C-479C-BACA-F658989B75E5}.Debug|Any CPU.Build.0 = Debug|Any CPU
		{5431B2A0-303C-479C-BACA-F658989B75E5}.Release|Any CPU.ActiveCfg = Release|Any CPU
		{5431B2A0-303C-479C-BACA-F658989B75E5}.Release|Any CPU.Build.0 = Release|Any CPU
		{7D04DF37-703D-419F-B13F-E524590D134B}.Debug|Any CPU.ActiveCfg = Debug|Any CPU
		{7D04DF37-703D-419F-B13F-E524590D134B}.Debug|Any CPU.Build.0 = Debug|Any CPU
		{7D04DF37-703D-419F-B13F-E524590D134B}.Release|Any CPU.ActiveCfg = Release|Any CPU
		{7D04DF37-703D-419F-B13F-E524590D134B}.Release|Any CPU.Build.0 = Release|Any CPU
		{67F8CE68-A8BF-492A-9DAD-25556F295AB0}.Debug|Any CPU.ActiveCfg = Debug|Any CPU
		{67F8CE68-A8BF-492A-9DAD-25556F295AB0}.Debug|Any CPU.Build.0 = Debug|Any CPU
		{67F8CE68-A8BF-492A-9DAD-25556F295AB0}.Release|Any CPU.ActiveCfg = Release|Any CPU
		{67F8CE68-A8BF-492A-9DAD-25556F295AB0}.Release|Any CPU.Build.0 = Release|Any CPU
	EndGlobalSection
	GlobalSection(SolutionProperties) = preSolution
		HideSolutionNode = FALSE
	EndGlobalSection
	GlobalSection(ExtensibilityGlobals) = postSolution
		SolutionGuid = {5D06DF62-C8B4-41AC-94ED-E17826E6CB46}
	EndGlobalSection
EndGlobal
